// !$*UTF8*$!
{
	archiveVersion = 1;
	classes = {
	};
	objectVersion = 46;
	objects = {

/* Begin PBXBuildFile section */
		8A7386451DC416A5009D1C2A /* AppDelegate.swift in Sources */ = {isa = PBXBuildFile; fileRef = 8A7386441DC416A5009D1C2A /* AppDelegate.swift */; };
		8A7386471DC416A5009D1C2A /* ViewController.swift in Sources */ = {isa = PBXBuildFile; fileRef = 8A7386461DC416A5009D1C2A /* ViewController.swift */; };
		8A73864A1DC416A5009D1C2A /* Main.storyboard in Resources */ = {isa = PBXBuildFile; fileRef = 8A7386481DC416A5009D1C2A /* Main.storyboard */; };
		8A73864C1DC416A5009D1C2A /* Assets.xcassets in Resources */ = {isa = PBXBuildFile; fileRef = 8A73864B1DC416A5009D1C2A /* Assets.xcassets */; };
		8A73864F1DC416A5009D1C2A /* LaunchScreen.storyboard in Resources */ = {isa = PBXBuildFile; fileRef = 8A73864D1DC416A5009D1C2A /* LaunchScreen.storyboard */; };
		8A73865A1DC416A5009D1C2A /* FreeTheSlavesTests.swift in Sources */ = {isa = PBXBuildFile; fileRef = 8A7386591DC416A5009D1C2A /* FreeTheSlavesTests.swift */; };
		8A7386651DC416A5009D1C2A /* FreeTheSlavesUITests.swift in Sources */ = {isa = PBXBuildFile; fileRef = 8A7386641DC416A5009D1C2A /* FreeTheSlavesUITests.swift */; };
/* End PBXBuildFile section */

/* Begin PBXContainerItemProxy section */
		8A7386561DC416A5009D1C2A /* PBXContainerItemProxy */ = {
			isa = PBXContainerItemProxy;
			containerPortal = 8A7386391DC416A4009D1C2A /* Project object */;
			proxyType = 1;
			remoteGlobalIDString = 8A7386401DC416A4009D1C2A;
			remoteInfo = FreeTheSlaves;
		};
		8A7386611DC416A5009D1C2A /* PBXContainerItemProxy */ = {
			isa = PBXContainerItemProxy;
			containerPortal = 8A7386391DC416A4009D1C2A /* Project object */;
			proxyType = 1;
			remoteGlobalIDString = 8A7386401DC416A4009D1C2A;
			remoteInfo = FreeTheSlaves;
		};
/* End PBXContainerItemProxy section */

/* Begin PBXFileReference section */
		8A7386411DC416A5009D1C2A /* FreeTheSlaves.app */ = {isa = PBXFileReference; explicitFileType = wrapper.application; includeInIndex = 0; path = FreeTheSlaves.app; sourceTree = BUILT_PRODUCTS_DIR; };
		8A7386441DC416A5009D1C2A /* AppDelegate.swift */ = {isa = PBXFileReference; lastKnownFileType = sourcecode.swift; path = AppDelegate.swift; sourceTree = "<group>"; };
		8A7386461DC416A5009D1C2A /* ViewController.swift */ = {isa = PBXFileReference; lastKnownFileType = sourcecode.swift; path = ViewController.swift; sourceTree = "<group>"; };
		8A7386491DC416A5009D1C2A /* Base */ = {isa = PBXFileReference; lastKnownFileType = file.storyboard; name = Base; path = Base.lproj/Main.storyboard; sourceTree = "<group>"; };
		8A73864B1DC416A5009D1C2A /* Assets.xcassets */ = {isa = PBXFileReference; lastKnownFileType = folder.assetcatalog; path = Assets.xcassets; sourceTree = "<group>"; };
		8A73864E1DC416A5009D1C2A /* Base */ = {isa = PBXFileReference; lastKnownFileType = file.storyboard; name = Base; path = Base.lproj/LaunchScreen.storyboard; sourceTree = "<group>"; };
		8A7386501DC416A5009D1C2A /* Info.plist */ = {isa = PBXFileReference; lastKnownFileType = text.plist.xml; path = Info.plist; sourceTree = "<group>"; };
		8A7386551DC416A5009D1C2A /* FreeTheSlavesTests.xctest */ = {isa = PBXFileReference; explicitFileType = wrapper.cfbundle; includeInIndex = 0; path = FreeTheSlavesTests.xctest; sourceTree = BUILT_PRODUCTS_DIR; };
		8A7386591DC416A5009D1C2A /* FreeTheSlavesTests.swift */ = {isa = PBXFileReference; lastKnownFileType = sourcecode.swift; path = FreeTheSlavesTests.swift; sourceTree = "<group>"; };
		8A73865B1DC416A5009D1C2A /* Info.plist */ = {isa = PBXFileReference; lastKnownFileType = text.plist.xml; path = Info.plist; sourceTree = "<group>"; };
		8A7386601DC416A5009D1C2A /* FreeTheSlavesUITests.xctest */ = {isa = PBXFileReference; explicitFileType = wrapper.cfbundle; includeInIndex = 0; path = FreeTheSlavesUITests.xctest; sourceTree = BUILT_PRODUCTS_DIR; };
		8A7386641DC416A5009D1C2A /* FreeTheSlavesUITests.swift */ = {isa = PBXFileReference; lastKnownFileType = sourcecode.swift; path = FreeTheSlavesUITests.swift; sourceTree = "<group>"; };
		8A7386661DC416A5009D1C2A /* Info.plist */ = {isa = PBXFileReference; lastKnownFileType = text.plist.xml; path = Info.plist; sourceTree = "<group>"; };
/* End PBXFileReference section */

/* Begin PBXFrameworksBuildPhase section */
		8A73863E1DC416A4009D1C2A /* Frameworks */ = {
			isa = PBXFrameworksBuildPhase;
			buildActionMask = 2147483647;
			files = (
			);
			runOnlyForDeploymentPostprocessing = 0;
		};
		8A7386521DC416A5009D1C2A /* Frameworks */ = {
			isa = PBXFrameworksBuildPhase;
			buildActionMask = 2147483647;
			files = (
			);
			runOnlyForDeploymentPostprocessing = 0;
		};
		8A73865D1DC416A5009D1C2A /* Frameworks */ = {
			isa = PBXFrameworksBuildPhase;
			buildActionMask = 2147483647;
			files = (
			);
			runOnlyForDeploymentPostprocessing = 0;
		};
/* End PBXFrameworksBuildPhase section */

/* Begin PBXGroup section */
		8A7386381DC416A4009D1C2A = {
			isa = PBXGroup;
			children = (
				8A7386431DC416A5009D1C2A /* FreeTheSlaves */,
				8A7386581DC416A5009D1C2A /* FreeTheSlavesTests */,
				8A7386631DC416A5009D1C2A /* FreeTheSlavesUITests */,
				8A7386421DC416A5009D1C2A /* Products */,
			);
			sourceTree = "<group>";
		};
		8A7386421DC416A5009D1C2A /* Products */ = {
			isa = PBXGroup;
			children = (
				8A7386411DC416A5009D1C2A /* FreeTheSlaves.app */,
				8A7386551DC416A5009D1C2A /* FreeTheSlavesTests.xctest */,
				8A7386601DC416A5009D1C2A /* FreeTheSlavesUITests.xctest */,
			);
			name = Products;
			sourceTree = "<group>";
		};
		8A7386431DC416A5009D1C2A /* FreeTheSlaves */ = {
			isa = PBXGroup;
			children = (
				8A7386441DC416A5009D1C2A /* AppDelegate.swift */,
				8A7386461DC416A5009D1C2A /* ViewController.swift */,
				8A7386481DC416A5009D1C2A /* Main.storyboard */,
				8A73864B1DC416A5009D1C2A /* Assets.xcassets */,
				8A73864D1DC416A5009D1C2A /* LaunchScreen.storyboard */,
				8A7386501DC416A5009D1C2A /* Info.plist */,
			);
			path = FreeTheSlaves;
			sourceTree = "<group>";
		};
		8A7386581DC416A5009D1C2A /* FreeTheSlavesTests */ = {
			isa = PBXGroup;
			children = (
				8A7386591DC416A5009D1C2A /* FreeTheSlavesTests.swift */,
				8A73865B1DC416A5009D1C2A /* Info.plist */,
			);
			path = FreeTheSlavesTests;
			sourceTree = "<group>";
		};
		8A7386631DC416A5009D1C2A /* FreeTheSlavesUITests */ = {
			isa = PBXGroup;
			children = (
				8A7386641DC416A5009D1C2A /* FreeTheSlavesUITests.swift */,
				8A7386661DC416A5009D1C2A /* Info.plist */,
			);
			path = FreeTheSlavesUITests;
			sourceTree = "<group>";
		};
/* End PBXGroup section */

/* Begin PBXNativeTarget section */
		8A7386401DC416A4009D1C2A /* FreeTheSlaves */ = {
			isa = PBXNativeTarget;
			buildConfigurationList = 8A7386691DC416A5009D1C2A /* Build configuration list for PBXNativeTarget "FreeTheSlaves" */;
			buildPhases = (
				8A73863D1DC416A4009D1C2A /* Sources */,
				8A73863E1DC416A4009D1C2A /* Frameworks */,
				8A73863F1DC416A4009D1C2A /* Resources */,
			);
			buildRules = (
			);
			dependencies = (
			);
			name = FreeTheSlaves;
			productName = FreeTheSlaves;
			productReference = 8A7386411DC416A5009D1C2A /* FreeTheSlaves.app */;
			productType = "com.apple.product-type.application";
		};
		8A7386541DC416A5009D1C2A /* FreeTheSlavesTests */ = {
			isa = PBXNativeTarget;
			buildConfigurationList = 8A73866C1DC416A5009D1C2A /* Build configuration list for PBXNativeTarget "FreeTheSlavesTests" */;
			buildPhases = (
				8A7386511DC416A5009D1C2A /* Sources */,
				8A7386521DC416A5009D1C2A /* Frameworks */,
				8A7386531DC416A5009D1C2A /* Resources */,
			);
			buildRules = (
			);
			dependencies = (
				8A7386571DC416A5009D1C2A /* PBXTargetDependency */,
			);
			name = FreeTheSlavesTests;
			productName = FreeTheSlavesTests;
			productReference = 8A7386551DC416A5009D1C2A /* FreeTheSlavesTests.xctest */;
			productType = "com.apple.product-type.bundle.unit-test";
		};
		8A73865F1DC416A5009D1C2A /* FreeTheSlavesUITests */ = {
			isa = PBXNativeTarget;
			buildConfigurationList = 8A73866F1DC416A5009D1C2A /* Build configuration list for PBXNativeTarget "FreeTheSlavesUITests" */;
			buildPhases = (
				8A73865C1DC416A5009D1C2A /* Sources */,
				8A73865D1DC416A5009D1C2A /* Frameworks */,
				8A73865E1DC416A5009D1C2A /* Resources */,
			);
			buildRules = (
			);
			dependencies = (
				8A7386621DC416A5009D1C2A /* PBXTargetDependency */,
			);
			name = FreeTheSlavesUITests;
			productName = FreeTheSlavesUITests;
			productReference = 8A7386601DC416A5009D1C2A /* FreeTheSlavesUITests.xctest */;
			productType = "com.apple.product-type.bundle.ui-testing";
		};
/* End PBXNativeTarget section */

/* Begin PBXProject section */
		8A7386391DC416A4009D1C2A /* Project object */ = {
			isa = PBXProject;
			attributes = {
				LastSwiftUpdateCheck = 0720;
				LastUpgradeCheck = 0720;
				ORGANIZATIONNAME = soyJPMorganAndChase;
				TargetAttributes = {
					8A7386401DC416A4009D1C2A = {
						CreatedOnToolsVersion = 7.2;
						DevelopmentTeam = F4P428X9U6;
					};
					8A7386541DC416A5009D1C2A = {
						CreatedOnToolsVersion = 7.2;
						DevelopmentTeam = F4P428X9U6;
						TestTargetID = 8A7386401DC416A4009D1C2A;
					};
					8A73865F1DC416A5009D1C2A = {
						CreatedOnToolsVersion = 7.2;
						DevelopmentTeam = F4P428X9U6;
						TestTargetID = 8A7386401DC416A4009D1C2A;
					};
				};
			};
			buildConfigurationList = 8A73863C1DC416A4009D1C2A /* Build configuration list for PBXProject "FreeTheSlaves" */;
			compatibilityVersion = "Xcode 3.2";
			developmentRegion = English;
			hasScannedForEncodings = 0;
			knownRegions = (
				en,
				Base,
			);
			mainGroup = 8A7386381DC416A4009D1C2A;
			productRefGroup = 8A7386421DC416A5009D1C2A /* Products */;
			projectDirPath = "";
			projectRoot = "";
			targets = (
				8A7386401DC416A4009D1C2A /* FreeTheSlaves */,
				8A7386541DC416A5009D1C2A /* FreeTheSlavesTests */,
				8A73865F1DC416A5009D1C2A /* FreeTheSlavesUITests */,
			);
		};
/* End PBXProject section */

/* Begin PBXResourcesBuildPhase section */
		8A73863F1DC416A4009D1C2A /* Resources */ = {
			isa = PBXResourcesBuildPhase;
			buildActionMask = 2147483647;
			files = (
				8A73864F1DC416A5009D1C2A /* LaunchScreen.storyboard in Resources */,
				8A73864C1DC416A5009D1C2A /* Assets.xcassets in Resources */,
				8A73864A1DC416A5009D1C2A /* Main.storyboard in Resources */,
			);
			runOnlyForDeploymentPostprocessing = 0;
		};
		8A7386531DC416A5009D1C2A /* Resources */ = {
			isa = PBXResourcesBuildPhase;
			buildActionMask = 2147483647;
			files = (
			);
			runOnlyForDeploymentPostprocessing = 0;
		};
		8A73865E1DC416A5009D1C2A /* Resources */ = {
			isa = PBXResourcesBuildPhase;
			buildActionMask = 2147483647;
			files = (
			);
			runOnlyForDeploymentPostprocessing = 0;
		};
/* End PBXResourcesBuildPhase section */

/* Begin PBXSourcesBuildPhase section */
		8A73863D1DC416A4009D1C2A /* Sources */ = {
			isa = PBXSourcesBuildPhase;
			buildActionMask = 2147483647;
			files = (
				8A7386471DC416A5009D1C2A /* ViewController.swift in Sources */,
				8A7386451DC416A5009D1C2A /* AppDelegate.swift in Sources */,
			);
			runOnlyForDeploymentPostprocessing = 0;
		};
		8A7386511DC416A5009D1C2A /* Sources */ = {
			isa = PBXSourcesBuildPhase;
			buildActionMask = 2147483647;
			files = (
				8A73865A1DC416A5009D1C2A /* FreeTheSlavesTests.swift in Sources */,
			);
			runOnlyForDeploymentPostprocessing = 0;
		};
		8A73865C1DC416A5009D1C2A /* Sources */ = {
			isa = PBXSourcesBuildPhase;
			buildActionMask = 2147483647;
			files = (
				8A7386651DC416A5009D1C2A /* FreeTheSlavesUITests.swift in Sources */,
			);
			runOnlyForDeploymentPostprocessing = 0;
		};
/* End PBXSourcesBuildPhase section */

/* Begin PBXTargetDependency section */
		8A7386571DC416A5009D1C2A /* PBXTargetDependency */ = {
			isa = PBXTargetDependency;
			target = 8A7386401DC416A4009D1C2A /* FreeTheSlaves */;
			targetProxy = 8A7386561DC416A5009D1C2A /* PBXContainerItemProxy */;
		};
		8A7386621DC416A5009D1C2A /* PBXTargetDependency */ = {
			isa = PBXTargetDependency;
			target = 8A7386401DC416A4009D1C2A /* FreeTheSlaves */;
			targetProxy = 8A7386611DC416A5009D1C2A /* PBXContainerItemProxy */;
		};
/* End PBXTargetDependency section */

/* Begin PBXVariantGroup section */
		8A7386481DC416A5009D1C2A /* Main.storyboard */ = {
			isa = PBXVariantGroup;
			children = (
				8A7386491DC416A5009D1C2A /* Base */,
			);
			name = Main.storyboard;
			sourceTree = "<group>";
		};
		8A73864D1DC416A5009D1C2A /* LaunchScreen.storyboard */ = {
			isa = PBXVariantGroup;
			children = (
				8A73864E1DC416A5009D1C2A /* Base */,
			);
			name = LaunchScreen.storyboard;
			sourceTree = "<group>";
		};
/* End PBXVariantGroup section */

/* Begin XCBuildConfiguration section */
		8A7386671DC416A5009D1C2A /* Debug */ = {
			isa = XCBuildConfiguration;
			buildSettings = {
				ALWAYS_SEARCH_USER_PATHS = NO;
				CLANG_CXX_LANGUAGE_STANDARD = "gnu++0x";
				CLANG_CXX_LIBRARY = "libc++";
				CLANG_ENABLE_MODULES = YES;
				CLANG_ENABLE_OBJC_ARC = YES;
				CLANG_WARN_BOOL_CONVERSION = YES;
				CLANG_WARN_CONSTANT_CONVERSION = YES;
				CLANG_WARN_DIRECT_OBJC_ISA_USAGE = YES_ERROR;
				CLANG_WARN_EMPTY_BODY = YES;
				CLANG_WARN_ENUM_CONVERSION = YES;
				CLANG_WARN_INT_CONVERSION = YES;
				CLANG_WARN_OBJC_ROOT_CLASS = YES_ERROR;
				CLANG_WARN_UNREACHABLE_CODE = YES;
				CLANG_WARN__DUPLICATE_METHOD_MATCH = YES;
				"CODE_SIGN_IDENTITY[sdk=iphoneos*]" = "iPhone Developer";
				COPY_PHASE_STRIP = NO;
				DEBUG_INFORMATION_FORMAT = dwarf;
				ENABLE_STRICT_OBJC_MSGSEND = YES;
				ENABLE_TESTABILITY = YES;
				GCC_C_LANGUAGE_STANDARD = gnu99;
				GCC_DYNAMIC_NO_PIC = NO;
				GCC_NO_COMMON_BLOCKS = YES;
				GCC_OPTIMIZATION_LEVEL = 0;
				GCC_PREPROCESSOR_DEFINITIONS = (
					"DEBUG=1",
					"$(inherited)",
				);
				GCC_WARN_64_TO_32_BIT_CONVERSION = YES;
				GCC_WARN_ABOUT_RETURN_TYPE = YES_ERROR;
				GCC_WARN_UNDECLARED_SELECTOR = YES;
				GCC_WARN_UNINITIALIZED_AUTOS = YES_AGGRESSIVE;
				GCC_WARN_UNUSED_FUNCTION = YES;
				GCC_WARN_UNUSED_VARIABLE = YES;
				IPHONEOS_DEPLOYMENT_TARGET = 9.2;
				MTL_ENABLE_DEBUG_INFO = YES;
				ONLY_ACTIVE_ARCH = YES;
				SDKROOT = iphoneos;
				SWIFT_OPTIMIZATION_LEVEL = "-Onone";
			};
			name = Debug;
		};
		8A7386681DC416A5009D1C2A /* Release */ = {
			isa = XCBuildConfiguration;
			buildSettings = {
				ALWAYS_SEARCH_USER_PATHS = NO;
				CLANG_CXX_LANGUAGE_STANDARD = "gnu++0x";
				CLANG_CXX_LIBRARY = "libc++";
				CLANG_ENABLE_MODULES = YES;
				CLANG_ENABLE_OBJC_ARC = YES;
				CLANG_WARN_BOOL_CONVERSION = YES;
				CLANG_WARN_CONSTANT_CONVERSION = YES;
				CLANG_WARN_DIRECT_OBJC_ISA_USAGE = YES_ERROR;
				CLANG_WARN_EMPTY_BODY = YES;
				CLANG_WARN_ENUM_CONVERSION = YES;
				CLANG_WARN_INT_CONVERSION = YES;
				CLANG_WARN_OBJC_ROOT_CLASS = YES_ERROR;
				CLANG_WARN_UNREACHABLE_CODE = YES;
				CLANG_WARN__DUPLICATE_METHOD_MATCH = YES;
				"CODE_SIGN_IDENTITY[sdk=iphoneos*]" = "iPhone Developer";
				COPY_PHASE_STRIP = NO;
				DEBUG_INFORMATION_FORMAT = "dwarf-with-dsym";
				ENABLE_NS_ASSERTIONS = NO;
				ENABLE_STRICT_OBJC_MSGSEND = YES;
				GCC_C_LANGUAGE_STANDARD = gnu99;
				GCC_NO_COMMON_BLOCKS = YES;
				GCC_WARN_64_TO_32_BIT_CONVERSION = YES;
				GCC_WARN_ABOUT_RETURN_TYPE = YES_ERROR;
				GCC_WARN_UNDECLARED_SELECTOR = YES;
				GCC_WARN_UNINITIALIZED_AUTOS = YES_AGGRESSIVE;
				GCC_WARN_UNUSED_FUNCTION = YES;
				GCC_WARN_UNUSED_VARIABLE = YES;
				IPHONEOS_DEPLOYMENT_TARGET = 9.2;
				MTL_ENABLE_DEBUG_INFO = NO;
				SDKROOT = iphoneos;
				VALIDATE_PRODUCT = YES;
			};
			name = Release;
		};
		8A73866A1DC416A5009D1C2A /* Debug */ = {
			isa = XCBuildConfiguration;
			buildSettings = {
				ASSETCATALOG_COMPILER_APPICON_NAME = AppIcon;
				INFOPLIST_FILE = FreeTheSlaves/Info.plist;
				IPHONEOS_DEPLOYMENT_TARGET = 9.0;
				LD_RUNPATH_SEARCH_PATHS = "$(inherited) @executable_path/Frameworks";
				PRODUCT_BUNDLE_IDENTIFIER = com.soy10.FreeTheSlaves;
				PRODUCT_NAME = "$(TARGET_NAME)";
			};
			name = Debug;
		};
		8A73866B1DC416A5009D1C2A /* Release */ = {
			isa = XCBuildConfiguration;
			buildSettings = {
				ASSETCATALOG_COMPILER_APPICON_NAME = AppIcon;
				INFOPLIST_FILE = FreeTheSlaves/Info.plist;
				IPHONEOS_DEPLOYMENT_TARGET = 9.0;
				LD_RUNPATH_SEARCH_PATHS = "$(inherited) @executable_path/Frameworks";
				PRODUCT_BUNDLE_IDENTIFIER = com.soy10.FreeTheSlaves;
				PRODUCT_NAME = "$(TARGET_NAME)";
			};
			name = Release;
		};
		8A73866D1DC416A5009D1C2A /* Debug */ = {
			isa = XCBuildConfiguration;
			buildSettings = {
				BUNDLE_LOADER = "$(TEST_HOST)";
				INFOPLIST_FILE = FreeTheSlavesTests/Info.plist;
				LD_RUNPATH_SEARCH_PATHS = "$(inherited) @executable_path/Frameworks @loader_path/Frameworks";
				PRODUCT_BUNDLE_IDENTIFIER = com.soy10.FreeTheSlavesTests;
				PRODUCT_NAME = "$(TARGET_NAME)";
				TEST_HOST = "$(BUILT_PRODUCTS_DIR)/FreeTheSlaves.app/FreeTheSlaves";
			};
			name = Debug;
		};
		8A73866E1DC416A5009D1C2A /* Release */ = {
			isa = XCBuildConfiguration;
			buildSettings = {
				BUNDLE_LOADER = "$(TEST_HOST)";
				INFOPLIST_FILE = FreeTheSlavesTests/Info.plist;
				LD_RUNPATH_SEARCH_PATHS = "$(inherited) @executable_path/Frameworks @loader_path/Frameworks";
				PRODUCT_BUNDLE_IDENTIFIER = com.soy10.FreeTheSlavesTests;
				PRODUCT_NAME = "$(TARGET_NAME)";
				TEST_HOST = "$(BUILT_PRODUCTS_DIR)/FreeTheSlaves.app/FreeTheSlaves";
			};
			name = Release;
		};
		8A7386701DC416A5009D1C2A /* Debug */ = {
			isa = XCBuildConfiguration;
			buildSettings = {
				INFOPLIST_FILE = FreeTheSlavesUITests/Info.plist;
				LD_RUNPATH_SEARCH_PATHS = "$(inherited) @executable_path/Frameworks @loader_path/Frameworks";
				PRODUCT_BUNDLE_IDENTIFIER = com.soy10.FreeTheSlavesUITests;
				PRODUCT_NAME = "$(TARGET_NAME)";
				TEST_TARGET_NAME = FreeTheSlaves;
				USES_XCTRUNNER = YES;
			};
			name = Debug;
		};
		8A7386711DC416A5009D1C2A /* Release */ = {
			isa = XCBuildConfiguration;
			buildSettings = {
				INFOPLIST_FILE = FreeTheSlavesUITests/Info.plist;
				LD_RUNPATH_SEARCH_PATHS = "$(inherited) @executable_path/Frameworks @loader_path/Frameworks";
				PRODUCT_BUNDLE_IDENTIFIER = com.soy10.FreeTheSlavesUITests;
				PRODUCT_NAME = "$(TARGET_NAME)";
				TEST_TARGET_NAME = FreeTheSlaves;
				USES_XCTRUNNER = YES;
			};
			name = Release;
		};
/* End XCBuildConfiguration section */

/* Begin XCConfigurationList section */
		8A73863C1DC416A4009D1C2A /* Build configuration list for PBXProject "FreeTheSlaves" */ = {
			isa = XCConfigurationList;
			buildConfigurations = (
				8A7386671DC416A5009D1C2A /* Debug */,
				8A7386681DC416A5009D1C2A /* Release */,
			);
			defaultConfigurationIsVisible = 0;
			defaultConfigurationName = Release;
		};
		8A7386691DC416A5009D1C2A /* Build configuration list for PBXNativeTarget "FreeTheSlaves" */ = {
			isa = XCConfigurationList;
			buildConfigurations = (
				8A73866A1DC416A5009D1C2A /* Debug */,
				8A73866B1DC416A5009D1C2A /* Release */,
			);
			defaultConfigurationIsVisible = 0;
			defaultConfigurationName = Release;
		};
		8A73866C1DC416A5009D1C2A /* Build configuration list for PBXNativeTarget "FreeTheSlavesTests" */ = {
			isa = XCConfigurationList;
			buildConfigurations = (
				8A73866D1DC416A5009D1C2A /* Debug */,
				8A73866E1DC416A5009D1C2A /* Release */,
			);
			defaultConfigurationIsVisible = 0;
			defaultConfigurationName = Release;
		};
		8A73866F1DC416A5009D1C2A /* Build configuration list for PBXNativeTarget "FreeTheSlavesUITests" */ = {
			isa = XCConfigurationList;
			buildConfigurations = (
				8A7386701DC416A5009D1C2A /* Debug */,
				8A7386711DC416A5009D1C2A /* Release */,
			);
			defaultConfigurationIsVisible = 0;
			defaultConfigurationName = Release;
		};
/* End XCConfigurationList section */
	};
	rootObject = 8A7386391DC416A4009D1C2A /* Project object */;
}
